
Microsoft Visual Studio Solution File, Format Version 12.00
# Visual Studio Version 16
VisualStudioVersion = 16.0.30517.126
MinimumVisualStudioVersion = 10.0.40219.1
Project("{FAE04EC0-301F-11D3-BF4B-00C04F79EFBC}") = "Waship", "Waship.csproj", "{5BA4EC6D-AA83-49A8-9EAD-6E0526589202}"
EndProject
Global
	GlobalSection(SolutionConfigurationPlatforms) = preSolution
		Debug|Any CPU = Debug|Any CPU
		Release|Any CPU = Release|Any CPU
	EndGlobalSection
	GlobalSection(ProjectConfigurationPlatforms) = postSolution
		{5BA4EC6D-AA83-49A8-9EAD-6E0526589202}.Debug|Any CPU.ActiveCfg = Debug|Any CPU
		{5BA4EC6D-AA83-49A8-9EAD-6E0526589202}.Debug|Any CPU.Build.0 = Debug|Any CPU
		{5BA4EC6D-AA83-49A8-9EAD-6E0526589202}.Release|Any CPU.ActiveCfg = Release|Any CPU
		{5BA4EC6D-AA83-49A8-9EAD-6E0526589202}.Release|Any CPU.Build.0 = Release|Any CPU
	EndGlobalSection
	GlobalSection(SolutionProperties) = preSolution
		HideSolutionNode = FALSE
	EndGlobalSection
	GlobalSection(ExtensibilityGlobals) = postSolution
		SolutionGuid = {3E8ACF32-3D0F-48F5-BAE6-5A65FA72D011}
	EndGlobalSection
EndGlobal
